
Microsoft Visual Studio Solution File, Format Version 12.00
# Visual Studio 15
VisualStudioVersion = 15.0.26730.12
MinimumVisualStudioVersion = 10.0.40219.1
Project("{FAE04EC0-301F-11D3-BF4B-00C04F79EFBC}") = "GenericMethods", "GenericMethods\GenericMethods.csproj", "{0A764DE0-45F1-4EB3-99B5-82980FE31D14}"
EndProject
Project("{FAE04EC0-301F-11D3-BF4B-00C04F79EFBC}") = "Collections", "Collections\Collections.csproj", "{819F0A19-EE1D-406C-8C18-199329852204}"
EndProject
Project("{FAE04EC0-301F-11D3-BF4B-00C04F79EFBC}") = "CacheFunctionality", "CacheFunctionality\CacheFunctionality.csproj", "{440A43F5-B252-4463-8EC9-6BD1157D556B}"
EndProject
Global
	GlobalSection(SolutionConfigurationPlatforms) = preSolution
		Debug|Any CPU = Debug|Any CPU
		Release|Any CPU = Release|Any CPU
	EndGlobalSection
	GlobalSection(ProjectConfigurationPlatforms) = postSolution
		{0A764DE0-45F1-4EB3-99B5-82980FE31D14}.Debug|Any CPU.ActiveCfg = Debug|Any CPU
		{0A764DE0-45F1-4EB3-99B5-82980FE31D14}.Debug|Any CPU.Build.0 = Debug|Any CPU
		{0A764DE0-45F1-4EB3-99B5-82980FE31D14}.Release|Any CPU.ActiveCfg = Release|Any CPU
		{0A764DE0-45F1-4EB3-99B5-82980FE31D14}.Release|Any CPU.Build.0 = Release|Any CPU
		{819F0A19-EE1D-406C-8C18-199329852204}.Debug|Any CPU.ActiveCfg = Debug|Any CPU
		{819F0A19-EE1D-406C-8C18-199329852204}.Debug|Any CPU.Build.0 = Debug|Any CPU
		{819F0A19-EE1D-406C-8C18-199329852204}.Release|Any CPU.ActiveCfg = Release|Any CPU
		{819F0A19-EE1D-406C-8C18-199329852204}.Release|Any CPU.Build.0 = Release|Any CPU
		{440A43F5-B252-4463-8EC9-6BD1157D556B}.Debug|Any CPU.ActiveCfg = Debug|Any CPU
		{440A43F5-B252-4463-8EC9-6BD1157D556B}.Debug|Any CPU.Build.0 = Debug|Any CPU
		{440A43F5-B252-4463-8EC9-6BD1157D556B}.Release|Any CPU.ActiveCfg = Release|Any CPU
		{440A43F5-B252-4463-8EC9-6BD1157D556B}.Release|Any CPU.Build.0 = Release|Any CPU
	EndGlobalSection
	GlobalSection(SolutionProperties) = preSolution
		HideSolutionNode = FALSE
	EndGlobalSection
	GlobalSection(ExtensibilityGlobals) = postSolution
		SolutionGuid = {8D863234-63EE-4CBB-ACB2-C9D3C92C166E}
	EndGlobalSection
EndGlobal
